// !$*UTF8*$!
{
	archiveVersion = 1;
	classes = {
	};
	objectVersion = 77;
	objects = {

/* Begin PBXBuildFile section */
		01B6AE31ED6884F0F6D4DB9C /* ComposerToolbar.swift in Sources */ = {isa = PBXBuildFile; fileRef = D96B345581BD36BE289F568E /* ComposerToolbar.swift */; };
		14E91DCC0B6570521EAC53D8 /* MessageBridgeApp.swift in Sources */ = {isa = PBXBuildFile; fileRef = 016F9A3C4C24B6CB916FE913 /* MessageBridgeApp.swift */; };
		4D6630B6D40C78D6B3A646BD /* SendButton.swift in Sources */ = {isa = PBXBuildFile; fileRef = FAE0667877BD5816BB5FE3A8 /* SendButton.swift */; };
		54011C45907EABA450029BA5 /* ConversationListView.swift in Sources */ = {isa = PBXBuildFile; fileRef = 6B33696328C61BF7344E77DA /* ConversationListView.swift */; };
		75CD88679FC345CE7367313D /* MessageBridgeClientCore in Frameworks */ = {isa = PBXBuildFile; productRef = 03FA75FD450C11094ACA8D16 /* MessageBridgeClientCore */; };
		929719A68629007F640BECC9 /* LogViewerView.swift in Sources */ = {isa = PBXBuildFile; fileRef = 75796E17EC64B93C4CB97DA0 /* LogViewerView.swift */; };
		9B8903F332AD53127B1F8FB0 /* MessageThreadView.swift in Sources */ = {isa = PBXBuildFile; fileRef = 45B76EE25F4E1E111C61F9DD /* MessageThreadView.swift */; };
		9CE9B1BB99DFC0422866A39A /* AttachmentView.swift in Sources */ = {isa = PBXBuildFile; fileRef = 75BAECDDD5E4DF7E9E7EFC59 /* AttachmentView.swift */; };
		D56D3B11B7BE42CC23C0CCA2 /* ComposerView.swift in Sources */ = {isa = PBXBuildFile; fileRef = D5A9EEC86331702C79F5E674 /* ComposerView.swift */; };
		A1B2C3D4E5F60718192A3B4C /* ReplyBanner.swift in Sources */ = {isa = PBXBuildFile; fileRef = B2C3D4E5F6071819A2B3C4D5 /* ReplyBanner.swift */; };
		D6008E1D9FC8B9FF1D0F8D38 /* ContentView.swift in Sources */ = {isa = PBXBuildFile; fileRef = A149B082B0838A9989D78608 /* ContentView.swift */; };
		E31DD87CC57A28D8200122F2 /* AppIcon.icns in Resources */ = {isa = PBXBuildFile; fileRef = 9B46C60401F589EBF3BE74BC /* AppIcon.icns */; };
		E835A191340C4635FA0992C9 /* ExpandingTextEditor.swift in Sources */ = {isa = PBXBuildFile; fileRef = 4CE3777583A04593187E830A /* ExpandingTextEditor.swift */; };
		F5C58625F6897CEF53EE4E76 /* ContactDetailsView.swift in Sources */ = {isa = PBXBuildFile; fileRef = 00DC894DD6008B11C0C8EDFD /* ContactDetailsView.swift */; };
		F80C3B2B084866C7D2230C02 /* SettingsView.swift in Sources */ = {isa = PBXBuildFile; fileRef = 3BD9E719B9BF2034F33726D9 /* SettingsView.swift */; };
/* End PBXBuildFile section */

/* Begin PBXFileReference section */
		00DC894DD6008B11C0C8EDFD /* ContactDetailsView.swift */ = {isa = PBXFileReference; lastKnownFileType = sourcecode.swift; path = ContactDetailsView.swift; sourceTree = "<group>"; };
		016F9A3C4C24B6CB916FE913 /* MessageBridgeApp.swift */ = {isa = PBXFileReference; lastKnownFileType = sourcecode.swift; path = MessageBridgeApp.swift; sourceTree = "<group>"; };
		0316D447F12AB500D232F026 /* Client */ = {isa = PBXFileReference; lastKnownFileType = folder; name = Client; path = .; sourceTree = SOURCE_ROOT; };
		3BD9E719B9BF2034F33726D9 /* SettingsView.swift */ = {isa = PBXFileReference; lastKnownFileType = sourcecode.swift; path = SettingsView.swift; sourceTree = "<group>"; };
		45B76EE25F4E1E111C61F9DD /* MessageThreadView.swift */ = {isa = PBXFileReference; lastKnownFileType = sourcecode.swift; path = MessageThreadView.swift; sourceTree = "<group>"; };
		4CE3777583A04593187E830A /* ExpandingTextEditor.swift */ = {isa = PBXFileReference; lastKnownFileType = sourcecode.swift; path = ExpandingTextEditor.swift; sourceTree = "<group>"; };
		6B33696328C61BF7344E77DA /* ConversationListView.swift */ = {isa = PBXFileReference; lastKnownFileType = sourcecode.swift; path = ConversationListView.swift; sourceTree = "<group>"; };
		75796E17EC64B93C4CB97DA0 /* LogViewerView.swift */ = {isa = PBXFileReference; lastKnownFileType = sourcecode.swift; path = LogViewerView.swift; sourceTree = "<group>"; };
		75BAECDDD5E4DF7E9E7EFC59 /* AttachmentView.swift */ = {isa = PBXFileReference; lastKnownFileType = sourcecode.swift; path = AttachmentView.swift; sourceTree = "<group>"; };
		9B46C60401F589EBF3BE74BC /* AppIcon.icns */ = {isa = PBXFileReference; lastKnownFileType = image.icns; path = AppIcon.icns; sourceTree = "<group>"; };
		A149B082B0838A9989D78608 /* ContentView.swift */ = {isa = PBXFileReference; lastKnownFileType = sourcecode.swift; path = ContentView.swift; sourceTree = "<group>"; };
		D5A9EEC86331702C79F5E674 /* ComposerView.swift */ = {isa = PBXFileReference; lastKnownFileType = sourcecode.swift; path = ComposerView.swift; sourceTree = "<group>"; };
		D96B345581BD36BE289F568E /* ComposerToolbar.swift */ = {isa = PBXFileReference; lastKnownFileType = sourcecode.swift; path = ComposerToolbar.swift; sourceTree = "<group>"; };
		B2C3D4E5F6071819A2B3C4D5 /* ReplyBanner.swift */ = {isa = PBXFileReference; lastKnownFileType = sourcecode.swift; path = ReplyBanner.swift; sourceTree = "<group>"; };
		FAE0667877BD5816BB5FE3A8 /* SendButton.swift */ = {isa = PBXFileReference; lastKnownFileType = sourcecode.swift; path = SendButton.swift; sourceTree = "<group>"; };
		FE0CDE34054D48AA896F0AC2 /* MessageBridgeClient.app */ = {isa = PBXFileReference; explicitFileType = wrapper.application; includeInIndex = 0; path = MessageBridgeClient.app; sourceTree = BUILT_PRODUCTS_DIR; };
/* End PBXFileReference section */

/* Begin PBXFrameworksBuildPhase section */
		63EF2286B620B2754AA4233E /* Frameworks */ = {
			isa = PBXFrameworksBuildPhase;
			buildActionMask = 2147483647;
			files = (
				75CD88679FC345CE7367313D /* MessageBridgeClientCore in Frameworks */,
			);
			runOnlyForDeploymentPostprocessing = 0;
		};
/* End PBXFrameworksBuildPhase section */

/* Begin PBXGroup section */
		08CF591EFAC727CA9D3D40C1 /* Packages */ = {
			isa = PBXGroup;
			children = (
				0316D447F12AB500D232F026 /* Client */,
			);
			name = Packages;
			sourceTree = "<group>";
		};
		35B558B873B26CD7F593411C = {
			isa = PBXGroup;
			children = (
				C3A9FEFB1A70B46CBB58DC71 /* MessageBridgeClient */,
				08CF591EFAC727CA9D3D40C1 /* Packages */,
				F585FE9D2E5C422B5AF7F1A3 /* Products */,
			);
			sourceTree = "<group>";
		};
		4940184A5C39528515294A24 /* Views */ = {
			isa = PBXGroup;
			children = (
				75BAECDDD5E4DF7E9E7EFC59 /* AttachmentView.swift */,
				00DC894DD6008B11C0C8EDFD /* ContactDetailsView.swift */,
				A149B082B0838A9989D78608 /* ContentView.swift */,
				6B33696328C61BF7344E77DA /* ConversationListView.swift */,
				75796E17EC64B93C4CB97DA0 /* LogViewerView.swift */,
				45B76EE25F4E1E111C61F9DD /* MessageThreadView.swift */,
				3BD9E719B9BF2034F33726D9 /* SettingsView.swift */,
				54B87731F6815C0EE88FC0CB /* Composer */,
			);
			path = Views;
			sourceTree = "<group>";
		};
		54B87731F6815C0EE88FC0CB /* Composer */ = {
			isa = PBXGroup;
			children = (
				D96B345581BD36BE289F568E /* ComposerToolbar.swift */,
				D5A9EEC86331702C79F5E674 /* ComposerView.swift */,
				4CE3777583A04593187E830A /* ExpandingTextEditor.swift */,
				B2C3D4E5F6071819A2B3C4D5 /* ReplyBanner.swift */,
				FAE0667877BD5816BB5FE3A8 /* SendButton.swift */,
			);
			path = Composer;
			sourceTree = "<group>";
		};
		A8BE00BF8BFB68B42408E81A /* Resources */ = {
			isa = PBXGroup;
			children = (
				9B46C60401F589EBF3BE74BC /* AppIcon.icns */,
			);
			path = Resources;
			sourceTree = "<group>";
		};
		C3A9FEFB1A70B46CBB58DC71 /* MessageBridgeClient */ = {
			isa = PBXGroup;
			children = (
				C6258D1618E382A8B85E09BA /* App */,
				A8BE00BF8BFB68B42408E81A /* Resources */,
				4940184A5C39528515294A24 /* Views */,
			);
			name = MessageBridgeClient;
			path = Sources/MessageBridgeClient;
			sourceTree = "<group>";
		};
		C6258D1618E382A8B85E09BA /* App */ = {
			isa = PBXGroup;
			children = (
				016F9A3C4C24B6CB916FE913 /* MessageBridgeApp.swift */,
			);
			path = App;
			sourceTree = "<group>";
		};
		F585FE9D2E5C422B5AF7F1A3 /* Products */ = {
			isa = PBXGroup;
			children = (
				FE0CDE34054D48AA896F0AC2 /* MessageBridgeClient.app */,
			);
			name = Products;
			sourceTree = "<group>";
		};
/* End PBXGroup section */

/* Begin PBXNativeTarget section */
		87D2465142F3BDF91597BC6E /* MessageBridgeClient */ = {
			isa = PBXNativeTarget;
			buildConfigurationList = D9605C1E498DB84F31D1A4A7 /* Build configuration list for PBXNativeTarget "MessageBridgeClient" */;
			buildPhases = (
				E17E8466E61845C40B4B53B2 /* Sources */,
				358461AA6B69B1E85F5DBF22 /* Resources */,
				63EF2286B620B2754AA4233E /* Frameworks */,
			);
			buildRules = (
			);
			dependencies = (
			);
			name = MessageBridgeClient;
			packageProductDependencies = (
				03FA75FD450C11094ACA8D16 /* MessageBridgeClientCore */,
			);
			productName = MessageBridgeClient;
			productReference = FE0CDE34054D48AA896F0AC2 /* MessageBridgeClient.app */;
			productType = "com.apple.product-type.application";
		};
/* End PBXNativeTarget section */

/* Begin PBXProject section */
		61CB35CC9D09D5CA9A7399DA /* Project object */ = {
			isa = PBXProject;
			attributes = {
				BuildIndependentTargetsInParallel = YES;
				LastUpgradeCheck = 1500;
			};
			buildConfigurationList = AB763E3B5B1F58886B6EFE54 /* Build configuration list for PBXProject "MessageBridgeClient" */;
			compatibilityVersion = "Xcode 14.0";
			developmentRegion = en;
			hasScannedForEncodings = 0;
			knownRegions = (
				Base,
				en,
			);
			mainGroup = 35B558B873B26CD7F593411C;
			minimizedProjectReferenceProxies = 1;
			packageReferences = (
				C96BC3050806AC77C00115AF /* XCLocalSwiftPackageReference "." */,
			);
			preferredProjectObjectVersion = 77;
			projectDirPath = "";
			projectRoot = "";
			targets = (
				87D2465142F3BDF91597BC6E /* MessageBridgeClient */,
			);
		};
/* End PBXProject section */

/* Begin PBXResourcesBuildPhase section */
		358461AA6B69B1E85F5DBF22 /* Resources */ = {
			isa = PBXResourcesBuildPhase;
			buildActionMask = 2147483647;
			files = (
				E31DD87CC57A28D8200122F2 /* AppIcon.icns in Resources */,
			);
			runOnlyForDeploymentPostprocessing = 0;
		};
/* End PBXResourcesBuildPhase section */

/* Begin PBXSourcesBuildPhase section */
		E17E8466E61845C40B4B53B2 /* Sources */ = {
			isa = PBXSourcesBuildPhase;
			buildActionMask = 2147483647;
			files = (
				9CE9B1BB99DFC0422866A39A /* AttachmentView.swift in Sources */,
				01B6AE31ED6884F0F6D4DB9C /* ComposerToolbar.swift in Sources */,
				D56D3B11B7BE42CC23C0CCA2 /* ComposerView.swift in Sources */,
				A1B2C3D4E5F60718192A3B4C /* ReplyBanner.swift in Sources */,
				F5C58625F6897CEF53EE4E76 /* ContactDetailsView.swift in Sources */,
				D6008E1D9FC8B9FF1D0F8D38 /* ContentView.swift in Sources */,
				54011C45907EABA450029BA5 /* ConversationListView.swift in Sources */,
				E835A191340C4635FA0992C9 /* ExpandingTextEditor.swift in Sources */,
				929719A68629007F640BECC9 /* LogViewerView.swift in Sources */,
				14E91DCC0B6570521EAC53D8 /* MessageBridgeApp.swift in Sources */,
				9B8903F332AD53127B1F8FB0 /* MessageThreadView.swift in Sources */,
				4D6630B6D40C78D6B3A646BD /* SendButton.swift in Sources */,
				F80C3B2B084866C7D2230C02 /* SettingsView.swift in Sources */,
			);
			runOnlyForDeploymentPostprocessing = 0;
		};
/* End PBXSourcesBuildPhase section */

/* Begin XCBuildConfiguration section */
		0CEA2CC7620D08FCDDE08A0A /* Release */ = {
			isa = XCBuildConfiguration;
			buildSettings = {
				ALWAYS_SEARCH_USER_PATHS = NO;
				CLANG_ANALYZER_NONNULL = YES;
				CLANG_ANALYZER_NUMBER_OBJECT_CONVERSION = YES_AGGRESSIVE;
				CLANG_CXX_LANGUAGE_STANDARD = "gnu++14";
				CLANG_CXX_LIBRARY = "libc++";
				CLANG_ENABLE_MODULES = YES;
				CLANG_ENABLE_OBJC_ARC = YES;
				CLANG_ENABLE_OBJC_WEAK = YES;
				CLANG_WARN_BLOCK_CAPTURE_AUTORELEASING = YES;
				CLANG_WARN_BOOL_CONVERSION = YES;
				CLANG_WARN_COMMA = YES;
				CLANG_WARN_CONSTANT_CONVERSION = YES;
				CLANG_WARN_DEPRECATED_OBJC_IMPLEMENTATIONS = YES;
				CLANG_WARN_DIRECT_OBJC_ISA_USAGE = YES_ERROR;
				CLANG_WARN_DOCUMENTATION_COMMENTS = YES;
				CLANG_WARN_EMPTY_BODY = YES;
				CLANG_WARN_ENUM_CONVERSION = YES;
				CLANG_WARN_INFINITE_RECURSION = YES;
				CLANG_WARN_INT_CONVERSION = YES;
				CLANG_WARN_NON_LITERAL_NULL_CONVERSION = YES;
				CLANG_WARN_OBJC_IMPLICIT_RETAIN_SELF = YES;
				CLANG_WARN_OBJC_LITERAL_CONVERSION = YES;
				CLANG_WARN_OBJC_ROOT_CLASS = YES_ERROR;
				CLANG_WARN_QUOTED_INCLUDE_IN_FRAMEWORK_HEADER = YES;
				CLANG_WARN_RANGE_LOOP_ANALYSIS = YES;
				CLANG_WARN_STRICT_PROTOTYPES = YES;
				CLANG_WARN_SUSPICIOUS_MOVE = YES;
				CLANG_WARN_UNGUARDED_AVAILABILITY = YES_AGGRESSIVE;
				CLANG_WARN_UNREACHABLE_CODE = YES;
				CLANG_WARN__DUPLICATE_METHOD_MATCH = YES;
				COPY_PHASE_STRIP = NO;
				DEBUG_INFORMATION_FORMAT = "dwarf-with-dsym";
				ENABLE_NS_ASSERTIONS = NO;
				ENABLE_STRICT_OBJC_MSGSEND = YES;
				GCC_C_LANGUAGE_STANDARD = gnu11;
				GCC_NO_COMMON_BLOCKS = YES;
				GCC_WARN_64_TO_32_BIT_CONVERSION = YES;
				GCC_WARN_ABOUT_RETURN_TYPE = YES_ERROR;
				GCC_WARN_UNDECLARED_SELECTOR = YES;
				GCC_WARN_UNINITIALIZED_AUTOS = YES_AGGRESSIVE;
				GCC_WARN_UNUSED_FUNCTION = YES;
				GCC_WARN_UNUSED_VARIABLE = YES;
				MACOSX_DEPLOYMENT_TARGET = 14.0;
				MTL_ENABLE_DEBUG_INFO = NO;
				MTL_FAST_MATH = YES;
				PRODUCT_NAME = "$(TARGET_NAME)";
				SDKROOT = macosx;
				SWIFT_COMPILATION_MODE = wholemodule;
				SWIFT_OPTIMIZATION_LEVEL = "-O";
				SWIFT_VERSION = 5.0;
			};
			name = Release;
		};
		3B02A028DC2957E93F7D49F9 /* Debug */ = {
			isa = XCBuildConfiguration;
			buildSettings = {
				ALWAYS_SEARCH_USER_PATHS = NO;
				CLANG_ANALYZER_NONNULL = YES;
				CLANG_ANALYZER_NUMBER_OBJECT_CONVERSION = YES_AGGRESSIVE;
				CLANG_CXX_LANGUAGE_STANDARD = "gnu++14";
				CLANG_CXX_LIBRARY = "libc++";
				CLANG_ENABLE_MODULES = YES;
				CLANG_ENABLE_OBJC_ARC = YES;
				CLANG_ENABLE_OBJC_WEAK = YES;
				CLANG_WARN_BLOCK_CAPTURE_AUTORELEASING = YES;
				CLANG_WARN_BOOL_CONVERSION = YES;
				CLANG_WARN_COMMA = YES;
				CLANG_WARN_CONSTANT_CONVERSION = YES;
				CLANG_WARN_DEPRECATED_OBJC_IMPLEMENTATIONS = YES;
				CLANG_WARN_DIRECT_OBJC_ISA_USAGE = YES_ERROR;
				CLANG_WARN_DOCUMENTATION_COMMENTS = YES;
				CLANG_WARN_EMPTY_BODY = YES;
				CLANG_WARN_ENUM_CONVERSION = YES;
				CLANG_WARN_INFINITE_RECURSION = YES;
				CLANG_WARN_INT_CONVERSION = YES;
				CLANG_WARN_NON_LITERAL_NULL_CONVERSION = YES;
				CLANG_WARN_OBJC_IMPLICIT_RETAIN_SELF = YES;
				CLANG_WARN_OBJC_LITERAL_CONVERSION = YES;
				CLANG_WARN_OBJC_ROOT_CLASS = YES_ERROR;
				CLANG_WARN_QUOTED_INCLUDE_IN_FRAMEWORK_HEADER = YES;
				CLANG_WARN_RANGE_LOOP_ANALYSIS = YES;
				CLANG_WARN_STRICT_PROTOTYPES = YES;
				CLANG_WARN_SUSPICIOUS_MOVE = YES;
				CLANG_WARN_UNGUARDED_AVAILABILITY = YES_AGGRESSIVE;
				CLANG_WARN_UNREACHABLE_CODE = YES;
				CLANG_WARN__DUPLICATE_METHOD_MATCH = YES;
				COPY_PHASE_STRIP = NO;
				DEBUG_INFORMATION_FORMAT = dwarf;
				ENABLE_STRICT_OBJC_MSGSEND = YES;
				ENABLE_TESTABILITY = YES;
				GCC_C_LANGUAGE_STANDARD = gnu11;
				GCC_DYNAMIC_NO_PIC = NO;
				GCC_NO_COMMON_BLOCKS = YES;
				GCC_OPTIMIZATION_LEVEL = 0;
				GCC_PREPROCESSOR_DEFINITIONS = (
					"$(inherited)",
					"DEBUG=1",
				);
				GCC_WARN_64_TO_32_BIT_CONVERSION = YES;
				GCC_WARN_ABOUT_RETURN_TYPE = YES_ERROR;
				GCC_WARN_UNDECLARED_SELECTOR = YES;
				GCC_WARN_UNINITIALIZED_AUTOS = YES_AGGRESSIVE;
				GCC_WARN_UNUSED_FUNCTION = YES;
				GCC_WARN_UNUSED_VARIABLE = YES;
				MACOSX_DEPLOYMENT_TARGET = 14.0;
				MTL_ENABLE_DEBUG_INFO = INCLUDE_SOURCE;
				MTL_FAST_MATH = YES;
				ONLY_ACTIVE_ARCH = YES;
				PRODUCT_NAME = "$(TARGET_NAME)";
				SDKROOT = macosx;
				SWIFT_ACTIVE_COMPILATION_CONDITIONS = DEBUG;
				SWIFT_OPTIMIZATION_LEVEL = "-Onone";
				SWIFT_VERSION = 5.0;
			};
			name = Debug;
		};
		629712F16A6DAF43EDF51F40 /* Release */ = {
			isa = XCBuildConfiguration;
			buildSettings = {
				ASSETCATALOG_COMPILER_APPICON_NAME = AppIcon;
				CODE_SIGN_ENTITLEMENTS = MessageBridgeClient.entitlements;
				CODE_SIGN_IDENTITY = "-";
				COMBINE_HIDPI_IMAGES = YES;
				ENABLE_HARDENED_RUNTIME = NO;
				INFOPLIST_FILE = Info.plist;
				LD_RUNPATH_SEARCH_PATHS = (
					"$(inherited)",
					"@executable_path/../Frameworks",
				);
				MACOSX_DEPLOYMENT_TARGET = 14.0;
				PRODUCT_BUNDLE_IDENTIFIER = com.messagebridge.client;
				PRODUCT_NAME = MessageBridgeClient;
				SDKROOT = macosx;
				SWIFT_OPTIMIZATION_LEVEL = "-O";
				SWIFT_VERSION = 5.9;
			};
			name = Release;
		};
		843667D8D46BD3FDC10C4748 /* Debug */ = {
			isa = XCBuildConfiguration;
			buildSettings = {
				ASSETCATALOG_COMPILER_APPICON_NAME = AppIcon;
				CODE_SIGN_ENTITLEMENTS = MessageBridgeClient.entitlements;
				CODE_SIGN_IDENTITY = "-";
				COMBINE_HIDPI_IMAGES = YES;
				ENABLE_HARDENED_RUNTIME = NO;
				INFOPLIST_FILE = Info.plist;
				LD_RUNPATH_SEARCH_PATHS = (
					"$(inherited)",
					"@executable_path/../Frameworks",
				);
				MACOSX_DEPLOYMENT_TARGET = 14.0;
				PRODUCT_BUNDLE_IDENTIFIER = com.messagebridge.client;
				PRODUCT_NAME = MessageBridgeClient;
				SDKROOT = macosx;
				SWIFT_OPTIMIZATION_LEVEL = "-Onone";
				SWIFT_VERSION = 5.9;
			};
			name = Debug;
		};
/* End XCBuildConfiguration section */

/* Begin XCConfigurationList section */
		AB763E3B5B1F58886B6EFE54 /* Build configuration list for PBXProject "MessageBridgeClient" */ = {
			isa = XCConfigurationList;
			buildConfigurations = (
				3B02A028DC2957E93F7D49F9 /* Debug */,
				0CEA2CC7620D08FCDDE08A0A /* Release */,
			);
			defaultConfigurationIsVisible = 0;
			defaultConfigurationName = Debug;
		};
		D9605C1E498DB84F31D1A4A7 /* Build configuration list for PBXNativeTarget "MessageBridgeClient" */ = {
			isa = XCConfigurationList;
			buildConfigurations = (
				843667D8D46BD3FDC10C4748 /* Debug */,
				629712F16A6DAF43EDF51F40 /* Release */,
			);
			defaultConfigurationIsVisible = 0;
			defaultConfigurationName = Debug;
		};
/* End XCConfigurationList section */

/* Begin XCLocalSwiftPackageReference section */
		C96BC3050806AC77C00115AF /* XCLocalSwiftPackageReference "." */ = {
			isa = XCLocalSwiftPackageReference;
			relativePath = .;
		};
/* End XCLocalSwiftPackageReference section */

/* Begin XCSwiftPackageProductDependency section */
		03FA75FD450C11094ACA8D16 /* MessageBridgeClientCore */ = {
			isa = XCSwiftPackageProductDependency;
			productName = MessageBridgeClientCore;
		};
/* End XCSwiftPackageProductDependency section */
	};
	rootObject = 61CB35CC9D09D5CA9A7399DA /* Project object */;
}
